
Microsoft Visual Studio Solution File, Format Version 12.00
# Visual Studio Version 17
VisualStudioVersion = 17.6.33829.357
MinimumVisualStudioVersion = 10.0.40219.1
Project("{FAE04EC0-301F-11D3-BF4B-00C04F79EFBC}") = "CSUL", "CSUL\CSUL.csproj", "{D065893E-3CDA-4F82-AC6D-6996F4368742}"
EndProject
Global
	GlobalSection(SolutionConfigurationPlatforms) = preSolution
		Debug|Any CPU = Debug|Any CPU
		Release|Any CPU = Release|Any CPU
	EndGlobalSection
	GlobalSection(ProjectConfigurationPlatforms) = postSolution
		{D065893E-3CDA-4F82-AC6D-6996F4368742}.Debug|Any CPU.ActiveCfg = Debug|Any CPU
		{D065893E-3CDA-4F82-AC6D-6996F4368742}.Debug|Any CPU.Build.0 = Debug|Any CPU
		{D065893E-3CDA-4F82-AC6D-6996F4368742}.Release|Any CPU.ActiveCfg = Release|Any CPU
		{D065893E-3CDA-4F82-AC6D-6996F4368742}.Release|Any CPU.Build.0 = Release|Any CPU
	EndGlobalSection
	GlobalSection(SolutionProperties) = preSolution
		HideSolutionNode = FALSE
	EndGlobalSection
	GlobalSection(ExtensibilityGlobals) = postSolution
		SolutionGuid = {D046F913-1F52-422E-98BE-FAEA5A8FB4CE}
	EndGlobalSection
EndGlobal
